// !$*UTF8*$!
{
	archiveVersion = 1;
	classes = {
	};
	objectVersion = 46;
	objects = {

/* Begin PBXBuildFile section */
		804C78B01DD42F050096D427 /* Assets.xcassets in Resources */ = {isa = PBXBuildFile; fileRef = 804C78A91DD42F050096D427 /* Assets.xcassets */; };
		804C78B31DD42F050096D427 /* Info.plist in Resources */ = {isa = PBXBuildFile; fileRef = 804C78AF1DD42F050096D427 /* Info.plist */; };
		804C78B71DD42F1F0096D427 /* AppDelegate.swift in Sources */ = {isa = PBXBuildFile; fileRef = 804C78B51DD42F1F0096D427 /* AppDelegate.swift */; };
		804C78B81DD42F1F0096D427 /* ViewController.swift in Sources */ = {isa = PBXBuildFile; fileRef = 804C78B61DD42F1F0096D427 /* ViewController.swift */; };
		809ED0D81F037DBC005452E6 /* JRAlertController.framework in Frameworks */ = {isa = PBXBuildFile; fileRef = 809ED0D71F037DBC005452E6 /* JRAlertController.framework */; };
		809ED0D91F037DE2005452E6 /* JRAlertController.framework in Embed Frameworks */ = {isa = PBXBuildFile; fileRef = 809ED0D71F037DBC005452E6 /* JRAlertController.framework */; settings = {ATTRIBUTES = (CodeSignOnCopy, RemoveHeadersOnCopy, ); }; };
		80F116531DD43B6000215326 /* LaunchScreen.storyboard in Resources */ = {isa = PBXBuildFile; fileRef = 804C78AB1DD42F050096D427 /* LaunchScreen.storyboard */; };
		80F116541DD43B6000215326 /* Main.storyboard in Resources */ = {isa = PBXBuildFile; fileRef = 804C78AD1DD42F050096D427 /* Main.storyboard */; };
/* End PBXBuildFile section */

/* Begin PBXCopyFilesBuildPhase section */
		80F1164F1DD43B1000215326 /* Embed Frameworks */ = {
			isa = PBXCopyFilesBuildPhase;
			buildActionMask = 2147483647;
			dstPath = "";
			dstSubfolderSpec = 10;
			files = (
				809ED0D91F037DE2005452E6 /* JRAlertController.framework in Embed Frameworks */,
			);
			name = "Embed Frameworks";
			runOnlyForDeploymentPostprocessing = 0;
		};
/* End PBXCopyFilesBuildPhase section */

/* Begin PBXFileReference section */
		803F8E8D1DD433B0002DF758 /* JRAlertController.framework */ = {isa = PBXFileReference; lastKnownFileType = wrapper.framework; name = JRAlertController.framework; path = "../../../../Library/Developer/Xcode/DerivedData/JRAlertController-hkdcaiaakrseytajsswrsedtcjpp/Build/Products/Debug-iphoneos/JRAlertController.framework"; sourceTree = "<group>"; };
		804C78A91DD42F050096D427 /* Assets.xcassets */ = {isa = PBXFileReference; lastKnownFileType = folder.assetcatalog; path = Assets.xcassets; sourceTree = "<group>"; };
		804C78AC1DD42F050096D427 /* Base */ = {isa = PBXFileReference; lastKnownFileType = file.storyboard; name = Base; path = LaunchScreen.storyboard; sourceTree = "<group>"; };
		804C78AE1DD42F050096D427 /* Base */ = {isa = PBXFileReference; lastKnownFileType = file.storyboard; name = Base; path = Main.storyboard; sourceTree = "<group>"; };
		804C78AF1DD42F050096D427 /* Info.plist */ = {isa = PBXFileReference; fileEncoding = 4; lastKnownFileType = text.plist.xml; path = Info.plist; sourceTree = "<group>"; };
		804C78B41DD42F1E0096D427 /* Example.app */ = {isa = PBXFileReference; explicitFileType = wrapper.application; includeInIndex = 0; path = Example.app; sourceTree = BUILT_PRODUCTS_DIR; };
		804C78B51DD42F1F0096D427 /* AppDelegate.swift */ = {isa = PBXFileReference; fileEncoding = 4; lastKnownFileType = sourcecode.swift; path = AppDelegate.swift; sourceTree = "<group>"; };
		804C78B61DD42F1F0096D427 /* ViewController.swift */ = {isa = PBXFileReference; fileEncoding = 4; lastKnownFileType = sourcecode.swift; path = ViewController.swift; sourceTree = "<group>"; };
		809ED0D71F037DBC005452E6 /* JRAlertController.framework */ = {isa = PBXFileReference; lastKnownFileType = wrapper.framework; name = JRAlertController.framework; path = "../../../../Library/Developer/Xcode/DerivedData/JRAlertController-dxbpfohqmkugougjkcukactamoxl/Build/Products/Debug-iphoneos/JRAlertController.framework"; sourceTree = "<group>"; };
/* End PBXFileReference section */

/* Begin PBXFrameworksBuildPhase section */
		80677BB21DD4248400D4A072 /* Frameworks */ = {
			isa = PBXFrameworksBuildPhase;
			buildActionMask = 2147483647;
			files = (
				809ED0D81F037DBC005452E6 /* JRAlertController.framework in Frameworks */,
			);
			runOnlyForDeploymentPostprocessing = 0;
		};
/* End PBXFrameworksBuildPhase section */

/* Begin PBXGroup section */
		803F8E8C1DD433B0002DF758 /* Frameworks */ = {
			isa = PBXGroup;
			children = (
				809ED0D71F037DBC005452E6 /* JRAlertController.framework */,
				803F8E8D1DD433B0002DF758 /* JRAlertController.framework */,
			);
			name = Frameworks;
			sourceTree = "<group>";
		};
		804C78AA1DD42F050096D427 /* Base.lproj */ = {
			isa = PBXGroup;
			children = (
				804C78AB1DD42F050096D427 /* LaunchScreen.storyboard */,
				804C78AD1DD42F050096D427 /* Main.storyboard */,
			);
			path = Base.lproj;
			sourceTree = "<group>";
		};
		80677BAC1DD4248400D4A072 = {
			isa = PBXGroup;
			children = (
				80677BCA1DD424F600D4A072 /* Resources */,
				80677BD11DD424F600D4A072 /* Source */,
				804C78B41DD42F1E0096D427 /* Example.app */,
				803F8E8C1DD433B0002DF758 /* Frameworks */,
			);
			sourceTree = "<group>";
		};
		80677BCA1DD424F600D4A072 /* Resources */ = {
			isa = PBXGroup;
			children = (
				804C78A91DD42F050096D427 /* Assets.xcassets */,
				804C78AA1DD42F050096D427 /* Base.lproj */,
				804C78AF1DD42F050096D427 /* Info.plist */,
			);
			path = Resources;
			sourceTree = "<group>";
		};
		80677BD11DD424F600D4A072 /* Source */ = {
			isa = PBXGroup;
			children = (
				804C78B51DD42F1F0096D427 /* AppDelegate.swift */,
				804C78B61DD42F1F0096D427 /* ViewController.swift */,
			);
			path = Source;
			sourceTree = "<group>";
		};
/* End PBXGroup section */

/* Begin PBXNativeTarget section */
		80677BB41DD4248400D4A072 /* Example */ = {
			isa = PBXNativeTarget;
			buildConfigurationList = 80677BC71DD4248400D4A072 /* Build configuration list for PBXNativeTarget "Example" */;
			buildPhases = (
				80677BB11DD4248400D4A072 /* Sources */,
				80677BB21DD4248400D4A072 /* Frameworks */,
				80677BB31DD4248400D4A072 /* Resources */,
				80F1164F1DD43B1000215326 /* Embed Frameworks */,
			);
			buildRules = (
			);
			dependencies = (
			);
			name = Example;
			productName = Example;
			productReference = 804C78B41DD42F1E0096D427 /* Example.app */;
			productType = "com.apple.product-type.application";
		};
/* End PBXNativeTarget section */

/* Begin PBXProject section */
		80677BAD1DD4248400D4A072 /* Project object */ = {
			isa = PBXProject;
			attributes = {
				LastSwiftUpdateCheck = 0810;
				LastUpgradeCheck = 0810;
				ORGANIZATIONNAME = Jiar;
				TargetAttributes = {
					80677BB41DD4248400D4A072 = {
						CreatedOnToolsVersion = 8.1;
						DevelopmentTeam = D4MTBNMTU5;
						LastSwiftMigration = 0810;
						ProvisioningStyle = Automatic;
					};
				};
			};
			buildConfigurationList = 80677BB01DD4248400D4A072 /* Build configuration list for PBXProject "Example" */;
			compatibilityVersion = "Xcode 3.2";
			developmentRegion = English;
			hasScannedForEncodings = 0;
			knownRegions = (
				en,
				Base,
			);
			mainGroup = 80677BAC1DD4248400D4A072;
			productRefGroup = 80677BAC1DD4248400D4A072;
			projectDirPath = "";
			projectRoot = "";
			targets = (
				80677BB41DD4248400D4A072 /* Example */,
			);
		};
/* End PBXProject section */

/* Begin PBXResourcesBuildPhase section */
		80677BB31DD4248400D4A072 /* Resources */ = {
			isa = PBXResourcesBuildPhase;
			buildActionMask = 2147483647;
			files = (
				80F116531DD43B6000215326 /* LaunchScreen.storyboard in Resources */,
				80F116541DD43B6000215326 /* Main.storyboard in Resources */,
				804C78B31DD42F050096D427 /* Info.plist in Resources */,
				804C78B01DD42F050096D427 /* Assets.xcassets in Resources */,
			);
			runOnlyForDeploymentPostprocessing = 0;
		};
/* End PBXResourcesBuildPhase section */

/* Begin PBXSourcesBuildPhase section */
		80677BB11DD4248400D4A072 /* Sources */ = {
			isa = PBXSourcesBuildPhase;
			buildActionMask = 2147483647;
			files = (
				804C78B81DD42F1F0096D427 /* ViewController.swift in Sources */,
				804C78B71DD42F1F0096D427 /* AppDelegate.swift in Sources */,
			);
			runOnlyForDeploymentPostprocessing = 0;
		};
/* End PBXSourcesBuildPhase section */

/* Begin PBXVariantGroup section */
		804C78AB1DD42F050096D427 /* LaunchScreen.storyboard */ = {
			isa = PBXVariantGroup;
			children = (
				804C78AC1DD42F050096D427 /* Base */,
			);
			name = LaunchScreen.storyboard;
			sourceTree = "<group>";
		};
		804C78AD1DD42F050096D427 /* Main.storyboard */ = {
			isa = PBXVariantGroup;
			children = (
				804C78AE1DD42F050096D427 /* Base */,
			);
			name = Main.storyboard;
			sourceTree = "<group>";
		};
/* End PBXVariantGroup section */

/* Begin XCBuildConfiguration section */
		80677BC51DD4248400D4A072 /* Debug */ = {
			isa = XCBuildConfiguration;
			buildSettings = {
				ALWAYS_SEARCH_USER_PATHS = NO;
				CLANG_ANALYZER_NONNULL = YES;
				CLANG_CXX_LANGUAGE_STANDARD = "gnu++0x";
				CLANG_CXX_LIBRARY = "libc++";
				CLANG_ENABLE_MODULES = YES;
				CLANG_ENABLE_OBJC_ARC = YES;
				CLANG_WARN_BOOL_CONVERSION = YES;
				CLANG_WARN_CONSTANT_CONVERSION = YES;
				CLANG_WARN_DIRECT_OBJC_ISA_USAGE = YES_ERROR;
				CLANG_WARN_DOCUMENTATION_COMMENTS = YES;
				CLANG_WARN_EMPTY_BODY = YES;
				CLANG_WARN_ENUM_CONVERSION = YES;
				CLANG_WARN_INFINITE_RECURSION = YES;
				CLANG_WARN_INT_CONVERSION = YES;
				CLANG_WARN_OBJC_ROOT_CLASS = YES_ERROR;
				CLANG_WARN_SUSPICIOUS_MOVES = YES;
				CLANG_WARN_UNREACHABLE_CODE = YES;
				CLANG_WARN__DUPLICATE_METHOD_MATCH = YES;
				"CODE_SIGN_IDENTITY[sdk=iphoneos*]" = "iPhone Developer";
				COPY_PHASE_STRIP = NO;
				DEBUG_INFORMATION_FORMAT = dwarf;
				ENABLE_STRICT_OBJC_MSGSEND = YES;
				ENABLE_TESTABILITY = YES;
				GCC_C_LANGUAGE_STANDARD = gnu99;
				GCC_DYNAMIC_NO_PIC = NO;
				GCC_NO_COMMON_BLOCKS = YES;
				GCC_OPTIMIZATION_LEVEL = 0;
				GCC_PREPROCESSOR_DEFINITIONS = (
					"DEBUG=1",
					"$(inherited)",
				);
				GCC_WARN_64_TO_32_BIT_CONVERSION = YES;
				GCC_WARN_ABOUT_RETURN_TYPE = YES_ERROR;
				GCC_WARN_UNDECLARED_SELECTOR = YES;
				GCC_WARN_UNINITIALIZED_AUTOS = YES_AGGRESSIVE;
				GCC_WARN_UNUSED_FUNCTION = YES;
				GCC_WARN_UNUSED_VARIABLE = YES;
				IPHONEOS_DEPLOYMENT_TARGET = 10.1;
				MTL_ENABLE_DEBUG_INFO = YES;
				ONLY_ACTIVE_ARCH = YES;
				SDKROOT = iphoneos;
				SWIFT_ACTIVE_COMPILATION_CONDITIONS = DEBUG;
				SWIFT_OPTIMIZATION_LEVEL = "-Onone";
				TARGETED_DEVICE_FAMILY = "1,2";
			};
			name = Debug;
		};
		80677BC61DD4248400D4A072 /* Release */ = {
			isa = XCBuildConfiguration;
			buildSettings = {
				ALWAYS_SEARCH_USER_PATHS = NO;
				CLANG_ANALYZER_NONNULL = YES;
				CLANG_CXX_LANGUAGE_STANDARD = "gnu++0x";
				CLANG_CXX_LIBRARY = "libc++";
				CLANG_ENABLE_MODULES = YES;
				CLANG_ENABLE_OBJC_ARC = YES;
				CLANG_WARN_BOOL_CONVERSION = YES;
				CLANG_WARN_CONSTANT_CONVERSION = YES;
				CLANG_WARN_DIRECT_OBJC_ISA_USAGE = YES_ERROR;
				CLANG_WARN_DOCUMENTATION_COMMENTS = YES;
				CLANG_WARN_EMPTY_BODY = YES;
				CLANG_WARN_ENUM_CONVERSION = YES;
				CLANG_WARN_INFINITE_RECURSION = YES;
				CLANG_WARN_INT_CONVERSION = YES;
				CLANG_WARN_OBJC_ROOT_CLASS = YES_ERROR;
				CLANG_WARN_SUSPICIOUS_MOVES = YES;
				CLANG_WARN_UNREACHABLE_CODE = YES;
				CLANG_WARN__DUPLICATE_METHOD_MATCH = YES;
				"CODE_SIGN_IDENTITY[sdk=iphoneos*]" = "iPhone Developer";
				COPY_PHASE_STRIP = NO;
				DEBUG_INFORMATION_FORMAT = "dwarf-with-dsym";
				ENABLE_NS_ASSERTIONS = NO;
				ENABLE_STRICT_OBJC_MSGSEND = YES;
				GCC_C_LANGUAGE_STANDARD = gnu99;
				GCC_NO_COMMON_BLOCKS = YES;
				GCC_WARN_64_TO_32_BIT_CONVERSION = YES;
				GCC_WARN_ABOUT_RETURN_TYPE = YES_ERROR;
				GCC_WARN_UNDECLARED_SELECTOR = YES;
				GCC_WARN_UNINITIALIZED_AUTOS = YES_AGGRESSIVE;
				GCC_WARN_UNUSED_FUNCTION = YES;
				GCC_WARN_UNUSED_VARIABLE = YES;
				IPHONEOS_DEPLOYMENT_TARGET = 10.1;
				MTL_ENABLE_DEBUG_INFO = NO;
				SDKROOT = iphoneos;
				SWIFT_OPTIMIZATION_LEVEL = "-Owholemodule";
				TARGETED_DEVICE_FAMILY = "1,2";
				VALIDATE_PRODUCT = YES;
			};
			name = Release;
		};
		80677BC81DD4248400D4A072 /* Debug */ = {
			isa = XCBuildConfiguration;
			buildSettings = {
				ASSETCATALOG_COMPILER_APPICON_NAME = AppIcon;
				CLANG_ENABLE_MODULES = YES;
				"CODE_SIGN_IDENTITY[sdk=iphoneos*]" = "iPhone Developer";
				DEVELOPMENT_TEAM = D4MTBNMTU5;
				INFOPLIST_FILE = "$(SRCROOT)/Resources/Info.plist";
				IPHONEOS_DEPLOYMENT_TARGET = 9.0;
				LD_RUNPATH_SEARCH_PATHS = "$(inherited) @executable_path/Frameworks";
				PRODUCT_BUNDLE_IDENTIFIER = Jiar.JRAlertController.Example;
				PRODUCT_NAME = "$(TARGET_NAME)";
				SWIFT_OPTIMIZATION_LEVEL = "-Onone";
				SWIFT_VERSION = 3.0;
			};
			name = Debug;
		};
		80677BC91DD4248400D4A072 /* Release */ = {
			isa = XCBuildConfiguration;
			buildSettings = {
				ASSETCATALOG_COMPILER_APPICON_NAME = AppIcon;
				CLANG_ENABLE_MODULES = YES;
				"CODE_SIGN_IDENTITY[sdk=iphoneos*]" = "iPhone Developer";
				DEVELOPMENT_TEAM = D4MTBNMTU5;
				INFOPLIST_FILE = "$(SRCROOT)/Resources/Info.plist";
				IPHONEOS_DEPLOYMENT_TARGET = 9.0;
				LD_RUNPATH_SEARCH_PATHS = "$(inherited) @executable_path/Frameworks";
				PRODUCT_BUNDLE_IDENTIFIER = Jiar.JRAlertController.Example;
				PRODUCT_NAME = "$(TARGET_NAME)";
				SWIFT_VERSION = 3.0;
			};
			name = Release;
		};
/* End XCBuildConfiguration section */

/* Begin XCConfigurationList section */
		80677BB01DD4248400D4A072 /* Build configuration list for PBXProject "Example" */ = {
			isa = XCConfigurationList;
			buildConfigurations = (
				80677BC51DD4248400D4A072 /* Debug */,
				80677BC61DD4248400D4A072 /* Release */,
			);
			defaultConfigurationIsVisible = 0;
			defaultConfigurationName = Release;
		};
		80677BC71DD4248400D4A072 /* Build configuration list for PBXNativeTarget "Example" */ = {
			isa = XCConfigurationList;
			buildConfigurations = (
				80677BC81DD4248400D4A072 /* Debug */,
				80677BC91DD4248400D4A072 /* Release */,
			);
			defaultConfigurationIsVisible = 0;
			defaultConfigurationName = Release;
		};
/* End XCConfigurationList section */
	};
	rootObject = 80677BAD1DD4248400D4A072 /* Project object */;
}
